# Code generated by scarb DO NOT EDIT.
version = 1

[[package]]
name = "erc20mock"
version = "0.1.0"
dependencies = [
 "openzeppelin",
 "snforge_std",
]

[[package]]
name = "openzeppelin"
version = "0.13.0"
source = "git+https://github.com/OpenZeppelin/cairo-contracts.git?tag=v0.13.0#978b4e75209da355667d8954d2450e32bd71fe49"

[[package]]
name = "snforge_std"
version = "0.23.0"
source = "git+https://github.com/foundry-rs/starknet-foundry?tag=v0.23.0#f2bff8f796763ada77fe6033ec1b034ceee22abd"
